// !$*UTF8*$!
{
	archiveVersion = 1;
	classes = {
	};
	objectVersion = 55;
	objects = {

/* Begin PBXBuildFile section */
		2223006A28893B2E001F429D /* FakeTranslateResponse.json in Resources */ = {isa = PBXBuildFile; fileRef = 2223006928893B2E001F429D /* FakeTranslateResponse.json */; };
		2226788E2887E9C90068F9BD /* TranslateResponse.swift in Sources */ = {isa = PBXBuildFile; fileRef = 2226788D2887E9C90068F9BD /* TranslateResponse.swift */; };
		2238BDAF287F8AAE004F8F7A /* foggy.gif in Resources */ = {isa = PBXBuildFile; fileRef = 2238BDAB287F8AAD004F8F7A /* foggy.gif */; };
		2238BDB0287F8AAE004F8F7A /* night.gif in Resources */ = {isa = PBXBuildFile; fileRef = 2238BDAC287F8AAD004F8F7A /* night.gif */; };
		2238BDB1287F8AAE004F8F7A /* clouds.gif in Resources */ = {isa = PBXBuildFile; fileRef = 2238BDAD287F8AAE004F8F7A /* clouds.gif */; };
		2238BDB2287F8AAE004F8F7A /* cloudy.gif in Resources */ = {isa = PBXBuildFile; fileRef = 2238BDAE287F8AAE004F8F7A /* cloudy.gif */; };
		2238BDB6287F8AF9004F8F7A /* rain_sun.gif in Resources */ = {isa = PBXBuildFile; fileRef = 2238BDB3287F8AF9004F8F7A /* rain_sun.gif */; };
		2238BDB7287F8AF9004F8F7A /* snow.gif in Resources */ = {isa = PBXBuildFile; fileRef = 2238BDB4287F8AF9004F8F7A /* snow.gif */; };
		2238BDB8287F8AF9004F8F7A /* storm.gif in Resources */ = {isa = PBXBuildFile; fileRef = 2238BDB5287F8AF9004F8F7A /* storm.gif */; };
		223983ED2879C90000AEF36F /* MoneyApi.swift in Sources */ = {isa = PBXBuildFile; fileRef = 223983EC2879C90000AEF36F /* MoneyApi.swift */; };
		223983EF2879C9DC00AEF36F /* MoneyResponse.swift in Sources */ = {isa = PBXBuildFile; fileRef = 223983EE2879C9DC00AEF36F /* MoneyResponse.swift */; };
		223983F12879CA0000AEF36F /* MoneyModel.swift in Sources */ = {isa = PBXBuildFile; fileRef = 223983F02879CA0000AEF36F /* MoneyModel.swift */; };
		226F06682865E1B5001B416D /* TranslateViewController.swift in Sources */ = {isa = PBXBuildFile; fileRef = 226F06672865E1B5001B416D /* TranslateViewController.swift */; };
		226F066B2865E8CC001B416D /* worldwide.gif in Resources */ = {isa = PBXBuildFile; fileRef = 226F06692865E8CC001B416D /* worldwide.gif */; };
		226F066C2865E8CC001B416D /* euro.gif in Resources */ = {isa = PBXBuildFile; fileRef = 226F066A2865E8CC001B416D /* euro.gif */; };
		226F066E2865E8DF001B416D /* thunder.gif in Resources */ = {isa = PBXBuildFile; fileRef = 226F066D2865E8DF001B416D /* thunder.gif */; };
		226F06702865F77E001B416D /* WeatherAPI.swift in Sources */ = {isa = PBXBuildFile; fileRef = 226F066F2865F77E001B416D /* WeatherAPI.swift */; };
		226F06732865F80B001B416D /* apikey.swift in Sources */ = {isa = PBXBuildFile; fileRef = 226F06722865F80B001B416D /* apikey.swift */; };
		226F0675286616E1001B416D /* WeatherModel.swift in Sources */ = {isa = PBXBuildFile; fileRef = 226F0674286616E1001B416D /* WeatherModel.swift */; };
		228B3102286322DE00B7B1F0 /* AppDelegate.swift in Sources */ = {isa = PBXBuildFile; fileRef = 228B3101286322DE00B7B1F0 /* AppDelegate.swift */; };
		228B3104286322DE00B7B1F0 /* SceneDelegate.swift in Sources */ = {isa = PBXBuildFile; fileRef = 228B3103286322DE00B7B1F0 /* SceneDelegate.swift */; };
		228B3106286322DE00B7B1F0 /* ViewController.swift in Sources */ = {isa = PBXBuildFile; fileRef = 228B3105286322DE00B7B1F0 /* ViewController.swift */; };
		228B3109286322DE00B7B1F0 /* Main.storyboard in Resources */ = {isa = PBXBuildFile; fileRef = 228B3107286322DE00B7B1F0 /* Main.storyboard */; };
		228B310B286322DF00B7B1F0 /* Assets.xcassets in Resources */ = {isa = PBXBuildFile; fileRef = 228B310A286322DF00B7B1F0 /* Assets.xcassets */; };
		228B310E286322DF00B7B1F0 /* LaunchScreen.storyboard in Resources */ = {isa = PBXBuildFile; fileRef = 228B310C286322DF00B7B1F0 /* LaunchScreen.storyboard */; };
		228B3119286322DF00B7B1F0 /* Le_BaluchonTests.swift in Sources */ = {isa = PBXBuildFile; fileRef = 228B3118286322DF00B7B1F0 /* Le_BaluchonTests.swift */; };
		228B3123286322DF00B7B1F0 /* Le_BaluchonUITests.swift in Sources */ = {isa = PBXBuildFile; fileRef = 228B3122286322DF00B7B1F0 /* Le_BaluchonUITests.swift */; };
		228B3125286322DF00B7B1F0 /* Le_BaluchonUITestsLaunchTests.swift in Sources */ = {isa = PBXBuildFile; fileRef = 228B3124286322DF00B7B1F0 /* Le_BaluchonUITestsLaunchTests.swift */; };
		228B31322863256500B7B1F0 /* sun.gif in Resources */ = {isa = PBXBuildFile; fileRef = 228B31312863256500B7B1F0 /* sun.gif */; };
		228B313A2863343100B7B1F0 /* WeatherViewController.swift in Sources */ = {isa = PBXBuildFile; fileRef = 228B31392863343100B7B1F0 /* WeatherViewController.swift */; };
		228B3142286359E300B7B1F0 /* bindle.png in Resources */ = {isa = PBXBuildFile; fileRef = 228B3141286359E300B7B1F0 /* bindle.png */; };
		2296C7EE28883CE000AD0223 /* URLSessionFake.swift in Sources */ = {isa = PBXBuildFile; fileRef = 2296C7ED28883CE000AD0223 /* URLSessionFake.swift */; };
		22D15D392876E2E70025189D /* TranslateApi.swift in Sources */ = {isa = PBXBuildFile; fileRef = 22D15D382876E2E70025189D /* TranslateApi.swift */; };
		22D15D3B2876E70F0025189D /* TranslateModel.swift in Sources */ = {isa = PBXBuildFile; fileRef = 22D15D3A2876E70F0025189D /* TranslateModel.swift */; };
		22D15D3D287706B10025189D /* WeatherResponse.swift in Sources */ = {isa = PBXBuildFile; fileRef = 22D15D3C287706B10025189D /* WeatherResponse.swift */; };
		22D6D6DF2864BEE0007FB35B /* SwiftGif.swift in Sources */ = {isa = PBXBuildFile; fileRef = 22D6D6DE2864BEE0007FB35B /* SwiftGif.swift */; };
		22D6D6E12864C345007FB35B /* rain.gif in Resources */ = {isa = PBXBuildFile; fileRef = 22D6D6E02864C345007FB35B /* rain.gif */; };
		22EBC3B62878798200C565A3 /* extensions.swift in Sources */ = {isa = PBXBuildFile; fileRef = 22EBC3B52878798200C565A3 /* extensions.swift */; };
		22F60F4C28875FC6005B1516 /* TranslateApiTests.swift in Sources */ = {isa = PBXBuildFile; fileRef = 22F60F4B28875FC6005B1516 /* TranslateApiTests.swift */; };
		22F60F4E28876585005B1516 /* FakeTranslateResponseData.swift in Sources */ = {isa = PBXBuildFile; fileRef = 22F60F4D28876585005B1516 /* FakeTranslateResponseData.swift */; };
		22FFD4AC2865C56500304F76 /* MoneyViewController.swift in Sources */ = {isa = PBXBuildFile; fileRef = 22FFD4AB2865C56500304F76 /* MoneyViewController.swift */; };
/* End PBXBuildFile section */

/* Begin PBXContainerItemProxy section */
		228B3115286322DF00B7B1F0 /* PBXContainerItemProxy */ = {
			isa = PBXContainerItemProxy;
			containerPortal = 228B30F6286322DE00B7B1F0 /* Project object */;
			proxyType = 1;
			remoteGlobalIDString = 228B30FD286322DE00B7B1F0;
			remoteInfo = "Le Baluchon";
		};
		228B311F286322DF00B7B1F0 /* PBXContainerItemProxy */ = {
			isa = PBXContainerItemProxy;
			containerPortal = 228B30F6286322DE00B7B1F0 /* Project object */;
			proxyType = 1;
			remoteGlobalIDString = 228B30FD286322DE00B7B1F0;
			remoteInfo = "Le Baluchon";
		};
/* End PBXContainerItemProxy section */

/* Begin PBXFileReference section */
		2223006928893B2E001F429D /* FakeTranslateResponse.json */ = {isa = PBXFileReference; lastKnownFileType = text.json; path = FakeTranslateResponse.json; sourceTree = "<group>"; };
		2226788D2887E9C90068F9BD /* TranslateResponse.swift */ = {isa = PBXFileReference; lastKnownFileType = sourcecode.swift; path = TranslateResponse.swift; sourceTree = "<group>"; };
		2238BDAB287F8AAD004F8F7A /* foggy.gif */ = {isa = PBXFileReference; lastKnownFileType = image.gif; path = foggy.gif; sourceTree = "<group>"; };
		2238BDAC287F8AAD004F8F7A /* night.gif */ = {isa = PBXFileReference; lastKnownFileType = image.gif; path = night.gif; sourceTree = "<group>"; };
		2238BDAD287F8AAE004F8F7A /* clouds.gif */ = {isa = PBXFileReference; lastKnownFileType = image.gif; path = clouds.gif; sourceTree = "<group>"; };
		2238BDAE287F8AAE004F8F7A /* cloudy.gif */ = {isa = PBXFileReference; lastKnownFileType = image.gif; path = cloudy.gif; sourceTree = "<group>"; };
		2238BDB3287F8AF9004F8F7A /* rain_sun.gif */ = {isa = PBXFileReference; lastKnownFileType = image.gif; path = rain_sun.gif; sourceTree = "<group>"; };
		2238BDB4287F8AF9004F8F7A /* snow.gif */ = {isa = PBXFileReference; lastKnownFileType = image.gif; path = snow.gif; sourceTree = "<group>"; };
		2238BDB5287F8AF9004F8F7A /* storm.gif */ = {isa = PBXFileReference; lastKnownFileType = image.gif; path = storm.gif; sourceTree = "<group>"; };
		223983EC2879C90000AEF36F /* MoneyApi.swift */ = {isa = PBXFileReference; lastKnownFileType = sourcecode.swift; path = MoneyApi.swift; sourceTree = "<group>"; };
		223983EE2879C9DC00AEF36F /* MoneyResponse.swift */ = {isa = PBXFileReference; lastKnownFileType = sourcecode.swift; path = MoneyResponse.swift; sourceTree = "<group>"; };
		223983F02879CA0000AEF36F /* MoneyModel.swift */ = {isa = PBXFileReference; lastKnownFileType = sourcecode.swift; path = MoneyModel.swift; sourceTree = "<group>"; };
		226F06672865E1B5001B416D /* TranslateViewController.swift */ = {isa = PBXFileReference; lastKnownFileType = sourcecode.swift; path = TranslateViewController.swift; sourceTree = "<group>"; };
		226F06692865E8CC001B416D /* worldwide.gif */ = {isa = PBXFileReference; lastKnownFileType = image.gif; path = worldwide.gif; sourceTree = "<group>"; };
		226F066A2865E8CC001B416D /* euro.gif */ = {isa = PBXFileReference; lastKnownFileType = image.gif; path = euro.gif; sourceTree = "<group>"; };
		226F066D2865E8DF001B416D /* thunder.gif */ = {isa = PBXFileReference; lastKnownFileType = image.gif; path = thunder.gif; sourceTree = "<group>"; };
		226F066F2865F77E001B416D /* WeatherAPI.swift */ = {isa = PBXFileReference; lastKnownFileType = sourcecode.swift; path = WeatherAPI.swift; sourceTree = "<group>"; };
		226F06722865F80B001B416D /* apikey.swift */ = {isa = PBXFileReference; lastKnownFileType = sourcecode.swift; path = apikey.swift; sourceTree = "<group>"; };
		226F0674286616E1001B416D /* WeatherModel.swift */ = {isa = PBXFileReference; lastKnownFileType = sourcecode.swift; path = WeatherModel.swift; sourceTree = "<group>"; };
		228B30FE286322DE00B7B1F0 /* Le Baluchon.app */ = {isa = PBXFileReference; explicitFileType = wrapper.application; includeInIndex = 0; path = "Le Baluchon.app"; sourceTree = BUILT_PRODUCTS_DIR; };
		228B3101286322DE00B7B1F0 /* AppDelegate.swift */ = {isa = PBXFileReference; lastKnownFileType = sourcecode.swift; path = AppDelegate.swift; sourceTree = "<group>"; };
		228B3103286322DE00B7B1F0 /* SceneDelegate.swift */ = {isa = PBXFileReference; lastKnownFileType = sourcecode.swift; path = SceneDelegate.swift; sourceTree = "<group>"; };
		228B3105286322DE00B7B1F0 /* ViewController.swift */ = {isa = PBXFileReference; lastKnownFileType = sourcecode.swift; path = ViewController.swift; sourceTree = "<group>"; };
		228B3108286322DE00B7B1F0 /* Base */ = {isa = PBXFileReference; lastKnownFileType = file.storyboard; name = Base; path = Base.lproj/Main.storyboard; sourceTree = "<group>"; };
		228B310A286322DF00B7B1F0 /* Assets.xcassets */ = {isa = PBXFileReference; lastKnownFileType = folder.assetcatalog; path = Assets.xcassets; sourceTree = "<group>"; };
		228B310D286322DF00B7B1F0 /* Base */ = {isa = PBXFileReference; lastKnownFileType = file.storyboard; name = Base; path = Base.lproj/LaunchScreen.storyboard; sourceTree = "<group>"; };
		228B310F286322DF00B7B1F0 /* Info.plist */ = {isa = PBXFileReference; lastKnownFileType = text.plist.xml; path = Info.plist; sourceTree = "<group>"; };
		228B3114286322DF00B7B1F0 /* Le BaluchonTests.xctest */ = {isa = PBXFileReference; explicitFileType = wrapper.cfbundle; includeInIndex = 0; path = "Le BaluchonTests.xctest"; sourceTree = BUILT_PRODUCTS_DIR; };
		228B3118286322DF00B7B1F0 /* Le_BaluchonTests.swift */ = {isa = PBXFileReference; lastKnownFileType = sourcecode.swift; path = Le_BaluchonTests.swift; sourceTree = "<group>"; };
		228B311E286322DF00B7B1F0 /* Le BaluchonUITests.xctest */ = {isa = PBXFileReference; explicitFileType = wrapper.cfbundle; includeInIndex = 0; path = "Le BaluchonUITests.xctest"; sourceTree = BUILT_PRODUCTS_DIR; };
		228B3122286322DF00B7B1F0 /* Le_BaluchonUITests.swift */ = {isa = PBXFileReference; lastKnownFileType = sourcecode.swift; path = Le_BaluchonUITests.swift; sourceTree = "<group>"; };
		228B3124286322DF00B7B1F0 /* Le_BaluchonUITestsLaunchTests.swift */ = {isa = PBXFileReference; lastKnownFileType = sourcecode.swift; path = Le_BaluchonUITestsLaunchTests.swift; sourceTree = "<group>"; };
		228B31312863256500B7B1F0 /* sun.gif */ = {isa = PBXFileReference; lastKnownFileType = image.gif; path = sun.gif; sourceTree = "<group>"; };
		228B31392863343100B7B1F0 /* WeatherViewController.swift */ = {isa = PBXFileReference; lastKnownFileType = sourcecode.swift; path = WeatherViewController.swift; sourceTree = "<group>"; };
		228B3141286359E300B7B1F0 /* bindle.png */ = {isa = PBXFileReference; lastKnownFileType = image.png; path = bindle.png; sourceTree = "<group>"; };
		2296C7ED28883CE000AD0223 /* URLSessionFake.swift */ = {isa = PBXFileReference; lastKnownFileType = sourcecode.swift; path = URLSessionFake.swift; sourceTree = "<group>"; };
		22D15D382876E2E70025189D /* TranslateApi.swift */ = {isa = PBXFileReference; lastKnownFileType = sourcecode.swift; path = TranslateApi.swift; sourceTree = "<group>"; };
		22D15D3A2876E70F0025189D /* TranslateModel.swift */ = {isa = PBXFileReference; lastKnownFileType = sourcecode.swift; path = TranslateModel.swift; sourceTree = "<group>"; };
		22D15D3C287706B10025189D /* WeatherResponse.swift */ = {isa = PBXFileReference; lastKnownFileType = sourcecode.swift; path = WeatherResponse.swift; sourceTree = "<group>"; };
		22D6D6DE2864BEE0007FB35B /* SwiftGif.swift */ = {isa = PBXFileReference; lastKnownFileType = sourcecode.swift; path = SwiftGif.swift; sourceTree = "<group>"; };
		22D6D6E02864C345007FB35B /* rain.gif */ = {isa = PBXFileReference; lastKnownFileType = image.gif; path = rain.gif; sourceTree = "<group>"; };
		22EBC3B52878798200C565A3 /* extensions.swift */ = {isa = PBXFileReference; lastKnownFileType = sourcecode.swift; path = extensions.swift; sourceTree = "<group>"; };
		22F60F4B28875FC6005B1516 /* TranslateApiTests.swift */ = {isa = PBXFileReference; lastKnownFileType = sourcecode.swift; path = TranslateApiTests.swift; sourceTree = "<group>"; };
		22F60F4D28876585005B1516 /* FakeTranslateResponseData.swift */ = {isa = PBXFileReference; lastKnownFileType = sourcecode.swift; path = FakeTranslateResponseData.swift; sourceTree = "<group>"; };
		22FFD4AB2865C56500304F76 /* MoneyViewController.swift */ = {isa = PBXFileReference; lastKnownFileType = sourcecode.swift; path = MoneyViewController.swift; sourceTree = "<group>"; };
/* End PBXFileReference section */

/* Begin PBXFrameworksBuildPhase section */
		228B30FB286322DE00B7B1F0 /* Frameworks */ = {
			isa = PBXFrameworksBuildPhase;
			buildActionMask = 2147483647;
			files = (
			);
			runOnlyForDeploymentPostprocessing = 0;
		};
		228B3111286322DF00B7B1F0 /* Frameworks */ = {
			isa = PBXFrameworksBuildPhase;
			buildActionMask = 2147483647;
			files = (
			);
			runOnlyForDeploymentPostprocessing = 0;
		};
		228B311B286322DF00B7B1F0 /* Frameworks */ = {
			isa = PBXFrameworksBuildPhase;
			buildActionMask = 2147483647;
			files = (
			);
			runOnlyForDeploymentPostprocessing = 0;
		};
/* End PBXFrameworksBuildPhase section */

/* Begin PBXGroup section */
		226F06712865F7ED001B416D /* API_Key */ = {
			isa = PBXGroup;
			children = (
				226F06722865F80B001B416D /* apikey.swift */,
			);
			path = API_Key;
			sourceTree = "<group>";
		};
		226F0678286618C1001B416D /* Weather */ = {
			isa = PBXGroup;
			children = (
				226F067A28661910001B416D /* Controller */,
				226F0679286618E2001B416D /* Model */,
			);
			path = Weather;
			sourceTree = "<group>";
		};
		226F0679286618E2001B416D /* Model */ = {
			isa = PBXGroup;
			children = (
				226F066F2865F77E001B416D /* WeatherAPI.swift */,
				226F0674286616E1001B416D /* WeatherModel.swift */,
				22D15D3C287706B10025189D /* WeatherResponse.swift */,
			);
			path = Model;
			sourceTree = "<group>";
		};
		226F067A28661910001B416D /* Controller */ = {
			isa = PBXGroup;
			children = (
				228B31392863343100B7B1F0 /* WeatherViewController.swift */,
			);
			path = Controller;
			sourceTree = "<group>";
		};
		228B30F5286322DE00B7B1F0 = {
			isa = PBXGroup;
			children = (
				228B3100286322DE00B7B1F0 /* Le Baluchon */,
				228B3117286322DF00B7B1F0 /* Le BaluchonTests */,
				228B3121286322DF00B7B1F0 /* Le BaluchonUITests */,
				228B30FF286322DE00B7B1F0 /* Products */,
			);
			sourceTree = "<group>";
		};
		228B30FF286322DE00B7B1F0 /* Products */ = {
			isa = PBXGroup;
			children = (
				228B30FE286322DE00B7B1F0 /* Le Baluchon.app */,
				228B3114286322DF00B7B1F0 /* Le BaluchonTests.xctest */,
				228B311E286322DF00B7B1F0 /* Le BaluchonUITests.xctest */,
			);
			name = Products;
			sourceTree = "<group>";
		};
		228B3100286322DE00B7B1F0 /* Le Baluchon */ = {
			isa = PBXGroup;
			children = (
				226F06712865F7ED001B416D /* API_Key */,
				228B313728632F0A00B7B1F0 /* Shared Model */,
				22D15D352876E12B0025189D /* Money */,
				22D15D322876E0EA0025189D /* Translate */,
				226F0678286618C1001B416D /* Weather */,
				228B313428632ED700B7B1F0 /* View */,
				228B313528632EE000B7B1F0 /* Controller */,
				228B313328632EC900B7B1F0 /* Support Files */,
				228B310F286322DF00B7B1F0 /* Info.plist */,
			);
			path = "Le Baluchon";
			sourceTree = "<group>";
		};
		228B3117286322DF00B7B1F0 /* Le BaluchonTests */ = {
			isa = PBXGroup;
			children = (
				22F60F4828875F5B005B1516 /* MoneyTests */,
				22F60F4928875F66005B1516 /* TranslateTests */,
				22F60F4A28875F77005B1516 /* WeatherTests */,
				228B3118286322DF00B7B1F0 /* Le_BaluchonTests.swift */,
				2296C7ED28883CE000AD0223 /* URLSessionFake.swift */,
			);
			path = "Le BaluchonTests";
			sourceTree = "<group>";
		};
		228B3121286322DF00B7B1F0 /* Le BaluchonUITests */ = {
			isa = PBXGroup;
			children = (
				228B3122286322DF00B7B1F0 /* Le_BaluchonUITests.swift */,
				228B3124286322DF00B7B1F0 /* Le_BaluchonUITestsLaunchTests.swift */,
			);
			path = "Le BaluchonUITests";
			sourceTree = "<group>";
		};
		228B313328632EC900B7B1F0 /* Support Files */ = {
			isa = PBXGroup;
			children = (
				228B313628632EF400B7B1F0 /* images */,
				228B3101286322DE00B7B1F0 /* AppDelegate.swift */,
				228B3103286322DE00B7B1F0 /* SceneDelegate.swift */,
				228B310A286322DF00B7B1F0 /* Assets.xcassets */,
				228B310C286322DF00B7B1F0 /* LaunchScreen.storyboard */,
			);
			path = "Support Files";
			sourceTree = "<group>";
		};
		228B313428632ED700B7B1F0 /* View */ = {
			isa = PBXGroup;
			children = (
				228B3107286322DE00B7B1F0 /* Main.storyboard */,
			);
			path = View;
			sourceTree = "<group>";
		};
		228B313528632EE000B7B1F0 /* Controller */ = {
			isa = PBXGroup;
			children = (
				228B3105286322DE00B7B1F0 /* ViewController.swift */,
			);
			path = Controller;
			sourceTree = "<group>";
		};
		228B313628632EF400B7B1F0 /* images */ = {
			isa = PBXGroup;
			children = (
				228B3141286359E300B7B1F0 /* bindle.png */,
				226F066A2865E8CC001B416D /* euro.gif */,
				2238BDAD287F8AAE004F8F7A /* clouds.gif */,
				2238BDAE287F8AAE004F8F7A /* cloudy.gif */,
				2238BDAB287F8AAD004F8F7A /* foggy.gif */,
				2238BDAC287F8AAD004F8F7A /* night.gif */,
				2238BDB3287F8AF9004F8F7A /* rain_sun.gif */,
				2238BDB4287F8AF9004F8F7A /* snow.gif */,
				2238BDB5287F8AF9004F8F7A /* storm.gif */,
				22D6D6E02864C345007FB35B /* rain.gif */,
				228B31312863256500B7B1F0 /* sun.gif */,
				226F066D2865E8DF001B416D /* thunder.gif */,
				226F06692865E8CC001B416D /* worldwide.gif */,
			);
			path = images;
			sourceTree = "<group>";
		};
		228B313728632F0A00B7B1F0 /* Shared Model */ = {
			isa = PBXGroup;
			children = (
				22D6D6DE2864BEE0007FB35B /* SwiftGif.swift */,
				22EBC3B52878798200C565A3 /* extensions.swift */,
			);
			path = "Shared Model";
			sourceTree = "<group>";
		};
		22D15D322876E0EA0025189D /* Translate */ = {
			isa = PBXGroup;
			children = (
				22D15D332876E0F80025189D /* Controller */,
				22D15D342876E1010025189D /* Model */,
			);
			path = Translate;
			sourceTree = "<group>";
		};
		22D15D332876E0F80025189D /* Controller */ = {
			isa = PBXGroup;
			children = (
				226F06672865E1B5001B416D /* TranslateViewController.swift */,
			);
			path = Controller;
			sourceTree = "<group>";
		};
		22D15D342876E1010025189D /* Model */ = {
			isa = PBXGroup;
			children = (
				22D15D382876E2E70025189D /* TranslateApi.swift */,
				22D15D3A2876E70F0025189D /* TranslateModel.swift */,
				2226788D2887E9C90068F9BD /* TranslateResponse.swift */,
			);
			path = Model;
			sourceTree = "<group>";
		};
		22D15D352876E12B0025189D /* Money */ = {
			isa = PBXGroup;
			children = (
				22D15D372876E13C0025189D /* Controller */,
				22D15D362876E1340025189D /* Model */,
			);
			path = Money;
			sourceTree = "<group>";
		};
		22D15D362876E1340025189D /* Model */ = {
			isa = PBXGroup;
			children = (
				223983EC2879C90000AEF36F /* MoneyApi.swift */,
				223983EE2879C9DC00AEF36F /* MoneyResponse.swift */,
				223983F02879CA0000AEF36F /* MoneyModel.swift */,
			);
			path = Model;
			sourceTree = "<group>";
		};
		22D15D372876E13C0025189D /* Controller */ = {
			isa = PBXGroup;
			children = (
				22FFD4AB2865C56500304F76 /* MoneyViewController.swift */,
			);
			path = Controller;
			sourceTree = "<group>";
		};
		22F60F4828875F5B005B1516 /* MoneyTests */ = {
			isa = PBXGroup;
			children = (
			);
			path = MoneyTests;
			sourceTree = "<group>";
		};
		22F60F4928875F66005B1516 /* TranslateTests */ = {
			isa = PBXGroup;
			children = (
				22F60F4B28875FC6005B1516 /* TranslateApiTests.swift */,
				22F60F4D28876585005B1516 /* FakeTranslateResponseData.swift */,
				2223006928893B2E001F429D /* FakeTranslateResponse.json */,
			);
			path = TranslateTests;
			sourceTree = "<group>";
		};
		22F60F4A28875F77005B1516 /* WeatherTests */ = {
			isa = PBXGroup;
			children = (
			);
			path = WeatherTests;
			sourceTree = "<group>";
		};
/* End PBXGroup section */

/* Begin PBXNativeTarget section */
		228B30FD286322DE00B7B1F0 /* Le Baluchon */ = {
			isa = PBXNativeTarget;
			buildConfigurationList = 228B3128286322DF00B7B1F0 /* Build configuration list for PBXNativeTarget "Le Baluchon" */;
			buildPhases = (
				228B30FA286322DE00B7B1F0 /* Sources */,
				228B30FB286322DE00B7B1F0 /* Frameworks */,
				228B30FC286322DE00B7B1F0 /* Resources */,
			);
			buildRules = (
			);
			dependencies = (
			);
			name = "Le Baluchon";
			productName = "Le Baluchon";
			productReference = 228B30FE286322DE00B7B1F0 /* Le Baluchon.app */;
			productType = "com.apple.product-type.application";
		};
		228B3113286322DF00B7B1F0 /* Le BaluchonTests */ = {
			isa = PBXNativeTarget;
			buildConfigurationList = 228B312B286322DF00B7B1F0 /* Build configuration list for PBXNativeTarget "Le BaluchonTests" */;
			buildPhases = (
				228B3110286322DF00B7B1F0 /* Sources */,
				228B3111286322DF00B7B1F0 /* Frameworks */,
				228B3112286322DF00B7B1F0 /* Resources */,
			);
			buildRules = (
			);
			dependencies = (
				228B3116286322DF00B7B1F0 /* PBXTargetDependency */,
			);
			name = "Le BaluchonTests";
			productName = "Le BaluchonTests";
			productReference = 228B3114286322DF00B7B1F0 /* Le BaluchonTests.xctest */;
			productType = "com.apple.product-type.bundle.unit-test";
		};
		228B311D286322DF00B7B1F0 /* Le BaluchonUITests */ = {
			isa = PBXNativeTarget;
			buildConfigurationList = 228B312E286322DF00B7B1F0 /* Build configuration list for PBXNativeTarget "Le BaluchonUITests" */;
			buildPhases = (
				228B311A286322DF00B7B1F0 /* Sources */,
				228B311B286322DF00B7B1F0 /* Frameworks */,
				228B311C286322DF00B7B1F0 /* Resources */,
			);
			buildRules = (
			);
			dependencies = (
				228B3120286322DF00B7B1F0 /* PBXTargetDependency */,
			);
			name = "Le BaluchonUITests";
			productName = "Le BaluchonUITests";
			productReference = 228B311E286322DF00B7B1F0 /* Le BaluchonUITests.xctest */;
			productType = "com.apple.product-type.bundle.ui-testing";
		};
/* End PBXNativeTarget section */

/* Begin PBXProject section */
		228B30F6286322DE00B7B1F0 /* Project object */ = {
			isa = PBXProject;
			attributes = {
				BuildIndependentTargetsInParallel = 1;
				LastSwiftUpdateCheck = 1340;
				LastUpgradeCheck = 1340;
				TargetAttributes = {
					228B30FD286322DE00B7B1F0 = {
						CreatedOnToolsVersion = 13.4.1;
					};
					228B3113286322DF00B7B1F0 = {
						CreatedOnToolsVersion = 13.4.1;
						TestTargetID = 228B30FD286322DE00B7B1F0;
					};
					228B311D286322DF00B7B1F0 = {
						CreatedOnToolsVersion = 13.4.1;
						TestTargetID = 228B30FD286322DE00B7B1F0;
					};
				};
			};
			buildConfigurationList = 228B30F9286322DE00B7B1F0 /* Build configuration list for PBXProject "Le Baluchon" */;
			compatibilityVersion = "Xcode 13.0";
			developmentRegion = en;
			hasScannedForEncodings = 0;
			knownRegions = (
				en,
				Base,
			);
			mainGroup = 228B30F5286322DE00B7B1F0;
			productRefGroup = 228B30FF286322DE00B7B1F0 /* Products */;
			projectDirPath = "";
			projectRoot = "";
			targets = (
				228B30FD286322DE00B7B1F0 /* Le Baluchon */,
				228B3113286322DF00B7B1F0 /* Le BaluchonTests */,
				228B311D286322DF00B7B1F0 /* Le BaluchonUITests */,
			);
		};
/* End PBXProject section */

/* Begin PBXResourcesBuildPhase section */
		228B30FC286322DE00B7B1F0 /* Resources */ = {
			isa = PBXResourcesBuildPhase;
			buildActionMask = 2147483647;
			files = (
				2238BDB1287F8AAE004F8F7A /* clouds.gif in Resources */,
				2238BDB2287F8AAE004F8F7A /* cloudy.gif in Resources */,
				2238BDB8287F8AF9004F8F7A /* storm.gif in Resources */,
				228B310E286322DF00B7B1F0 /* LaunchScreen.storyboard in Resources */,
				226F066B2865E8CC001B416D /* worldwide.gif in Resources */,
				226F066E2865E8DF001B416D /* thunder.gif in Resources */,
				2238BDAF287F8AAE004F8F7A /* foggy.gif in Resources */,
				228B31322863256500B7B1F0 /* sun.gif in Resources */,
				2238BDB7287F8AF9004F8F7A /* snow.gif in Resources */,
				228B310B286322DF00B7B1F0 /* Assets.xcassets in Resources */,
				228B3142286359E300B7B1F0 /* bindle.png in Resources */,
				22D6D6E12864C345007FB35B /* rain.gif in Resources */,
				228B3109286322DE00B7B1F0 /* Main.storyboard in Resources */,
				2238BDB0287F8AAE004F8F7A /* night.gif in Resources */,
				226F066C2865E8CC001B416D /* euro.gif in Resources */,
				2238BDB6287F8AF9004F8F7A /* rain_sun.gif in Resources */,
			);
			runOnlyForDeploymentPostprocessing = 0;
		};
		228B3112286322DF00B7B1F0 /* Resources */ = {
			isa = PBXResourcesBuildPhase;
			buildActionMask = 2147483647;
			files = (
				2223006A28893B2E001F429D /* FakeTranslateResponse.json in Resources */,
			);
			runOnlyForDeploymentPostprocessing = 0;
		};
		228B311C286322DF00B7B1F0 /* Resources */ = {
			isa = PBXResourcesBuildPhase;
			buildActionMask = 2147483647;
			files = (
			);
			runOnlyForDeploymentPostprocessing = 0;
		};
/* End PBXResourcesBuildPhase section */

/* Begin PBXSourcesBuildPhase section */
		228B30FA286322DE00B7B1F0 /* Sources */ = {
			isa = PBXSourcesBuildPhase;
			buildActionMask = 2147483647;
			files = (
				22D15D3D287706B10025189D /* WeatherResponse.swift in Sources */,
				228B3106286322DE00B7B1F0 /* ViewController.swift in Sources */,
				228B313A2863343100B7B1F0 /* WeatherViewController.swift in Sources */,
				22EBC3B62878798200C565A3 /* extensions.swift in Sources */,
				223983ED2879C90000AEF36F /* MoneyApi.swift in Sources */,
				223983EF2879C9DC00AEF36F /* MoneyResponse.swift in Sources */,
				228B3102286322DE00B7B1F0 /* AppDelegate.swift in Sources */,
				22D15D3B2876E70F0025189D /* TranslateModel.swift in Sources */,
				22D6D6DF2864BEE0007FB35B /* SwiftGif.swift in Sources */,
				226F0675286616E1001B416D /* WeatherModel.swift in Sources */,
				22D15D392876E2E70025189D /* TranslateApi.swift in Sources */,
				223983F12879CA0000AEF36F /* MoneyModel.swift in Sources */,
				228B3104286322DE00B7B1F0 /* SceneDelegate.swift in Sources */,
				226F06732865F80B001B416D /* apikey.swift in Sources */,
				226F06702865F77E001B416D /* WeatherAPI.swift in Sources */,
				22FFD4AC2865C56500304F76 /* MoneyViewController.swift in Sources */,
				226F06682865E1B5001B416D /* TranslateViewController.swift in Sources */,
				2226788E2887E9C90068F9BD /* TranslateResponse.swift in Sources */,
			);
			runOnlyForDeploymentPostprocessing = 0;
		};
		228B3110286322DF00B7B1F0 /* Sources */ = {
			isa = PBXSourcesBuildPhase;
			buildActionMask = 2147483647;
			files = (
				22F60F4E28876585005B1516 /* FakeTranslateResponseData.swift in Sources */,
				2296C7EE28883CE000AD0223 /* URLSessionFake.swift in Sources */,
				228B3119286322DF00B7B1F0 /* Le_BaluchonTests.swift in Sources */,
				22F60F4C28875FC6005B1516 /* TranslateApiTests.swift in Sources */,
			);
			runOnlyForDeploymentPostprocessing = 0;
		};
		228B311A286322DF00B7B1F0 /* Sources */ = {
			isa = PBXSourcesBuildPhase;
			buildActionMask = 2147483647;
			files = (
				228B3123286322DF00B7B1F0 /* Le_BaluchonUITests.swift in Sources */,
				228B3125286322DF00B7B1F0 /* Le_BaluchonUITestsLaunchTests.swift in Sources */,
			);
			runOnlyForDeploymentPostprocessing = 0;
		};
/* End PBXSourcesBuildPhase section */

/* Begin PBXTargetDependency section */
		228B3116286322DF00B7B1F0 /* PBXTargetDependency */ = {
			isa = PBXTargetDependency;
			target = 228B30FD286322DE00B7B1F0 /* Le Baluchon */;
			targetProxy = 228B3115286322DF00B7B1F0 /* PBXContainerItemProxy */;
		};
		228B3120286322DF00B7B1F0 /* PBXTargetDependency */ = {
			isa = PBXTargetDependency;
			target = 228B30FD286322DE00B7B1F0 /* Le Baluchon */;
			targetProxy = 228B311F286322DF00B7B1F0 /* PBXContainerItemProxy */;
		};
/* End PBXTargetDependency section */

/* Begin PBXVariantGroup section */
		228B3107286322DE00B7B1F0 /* Main.storyboard */ = {
			isa = PBXVariantGroup;
			children = (
				228B3108286322DE00B7B1F0 /* Base */,
			);
			name = Main.storyboard;
			sourceTree = "<group>";
		};
		228B310C286322DF00B7B1F0 /* LaunchScreen.storyboard */ = {
			isa = PBXVariantGroup;
			children = (
				228B310D286322DF00B7B1F0 /* Base */,
			);
			name = LaunchScreen.storyboard;
			sourceTree = "<group>";
		};
/* End PBXVariantGroup section */

/* Begin XCBuildConfiguration section */
		228B3126286322DF00B7B1F0 /* Debug */ = {
			isa = XCBuildConfiguration;
			buildSettings = {
				ALWAYS_SEARCH_USER_PATHS = NO;
				CLANG_ANALYZER_NONNULL = YES;
				CLANG_ANALYZER_NUMBER_OBJECT_CONVERSION = YES_AGGRESSIVE;
				CLANG_CXX_LANGUAGE_STANDARD = "gnu++17";
				CLANG_ENABLE_MODULES = YES;
				CLANG_ENABLE_OBJC_ARC = YES;
				CLANG_ENABLE_OBJC_WEAK = YES;
				CLANG_WARN_BLOCK_CAPTURE_AUTORELEASING = YES;
				CLANG_WARN_BOOL_CONVERSION = YES;
				CLANG_WARN_COMMA = YES;
				CLANG_WARN_CONSTANT_CONVERSION = YES;
				CLANG_WARN_DEPRECATED_OBJC_IMPLEMENTATIONS = YES;
				CLANG_WARN_DIRECT_OBJC_ISA_USAGE = YES_ERROR;
				CLANG_WARN_DOCUMENTATION_COMMENTS = YES;
				CLANG_WARN_EMPTY_BODY = YES;
				CLANG_WARN_ENUM_CONVERSION = YES;
				CLANG_WARN_INFINITE_RECURSION = YES;
				CLANG_WARN_INT_CONVERSION = YES;
				CLANG_WARN_NON_LITERAL_NULL_CONVERSION = YES;
				CLANG_WARN_OBJC_IMPLICIT_RETAIN_SELF = YES;
				CLANG_WARN_OBJC_LITERAL_CONVERSION = YES;
				CLANG_WARN_OBJC_ROOT_CLASS = YES_ERROR;
				CLANG_WARN_QUOTED_INCLUDE_IN_FRAMEWORK_HEADER = YES;
				CLANG_WARN_RANGE_LOOP_ANALYSIS = YES;
				CLANG_WARN_STRICT_PROTOTYPES = YES;
				CLANG_WARN_SUSPICIOUS_MOVE = YES;
				CLANG_WARN_UNGUARDED_AVAILABILITY = YES_AGGRESSIVE;
				CLANG_WARN_UNREACHABLE_CODE = YES;
				CLANG_WARN__DUPLICATE_METHOD_MATCH = YES;
				COPY_PHASE_STRIP = NO;
				DEBUG_INFORMATION_FORMAT = dwarf;
				ENABLE_STRICT_OBJC_MSGSEND = YES;
				ENABLE_TESTABILITY = YES;
				GCC_C_LANGUAGE_STANDARD = gnu11;
				GCC_DYNAMIC_NO_PIC = NO;
				GCC_NO_COMMON_BLOCKS = YES;
				GCC_OPTIMIZATION_LEVEL = 0;
				GCC_PREPROCESSOR_DEFINITIONS = (
					"DEBUG=1",
					"$(inherited)",
				);
				GCC_WARN_64_TO_32_BIT_CONVERSION = YES;
				GCC_WARN_ABOUT_RETURN_TYPE = YES_ERROR;
				GCC_WARN_UNDECLARED_SELECTOR = YES;
				GCC_WARN_UNINITIALIZED_AUTOS = YES_AGGRESSIVE;
				GCC_WARN_UNUSED_FUNCTION = YES;
				GCC_WARN_UNUSED_VARIABLE = YES;
				IPHONEOS_DEPLOYMENT_TARGET = 13.0;
				MTL_ENABLE_DEBUG_INFO = INCLUDE_SOURCE;
				MTL_FAST_MATH = YES;
				ONLY_ACTIVE_ARCH = YES;
				SDKROOT = iphoneos;
				SWIFT_ACTIVE_COMPILATION_CONDITIONS = DEBUG;
				SWIFT_OPTIMIZATION_LEVEL = "-Onone";
			};
			name = Debug;
		};
		228B3127286322DF00B7B1F0 /* Release */ = {
			isa = XCBuildConfiguration;
			buildSettings = {
				ALWAYS_SEARCH_USER_PATHS = NO;
				CLANG_ANALYZER_NONNULL = YES;
				CLANG_ANALYZER_NUMBER_OBJECT_CONVERSION = YES_AGGRESSIVE;
				CLANG_CXX_LANGUAGE_STANDARD = "gnu++17";
				CLANG_ENABLE_MODULES = YES;
				CLANG_ENABLE_OBJC_ARC = YES;
				CLANG_ENABLE_OBJC_WEAK = YES;
				CLANG_WARN_BLOCK_CAPTURE_AUTORELEASING = YES;
				CLANG_WARN_BOOL_CONVERSION = YES;
				CLANG_WARN_COMMA = YES;
				CLANG_WARN_CONSTANT_CONVERSION = YES;
				CLANG_WARN_DEPRECATED_OBJC_IMPLEMENTATIONS = YES;
				CLANG_WARN_DIRECT_OBJC_ISA_USAGE = YES_ERROR;
				CLANG_WARN_DOCUMENTATION_COMMENTS = YES;
				CLANG_WARN_EMPTY_BODY = YES;
				CLANG_WARN_ENUM_CONVERSION = YES;
				CLANG_WARN_INFINITE_RECURSION = YES;
				CLANG_WARN_INT_CONVERSION = YES;
				CLANG_WARN_NON_LITERAL_NULL_CONVERSION = YES;
				CLANG_WARN_OBJC_IMPLICIT_RETAIN_SELF = YES;
				CLANG_WARN_OBJC_LITERAL_CONVERSION = YES;
				CLANG_WARN_OBJC_ROOT_CLASS = YES_ERROR;
				CLANG_WARN_QUOTED_INCLUDE_IN_FRAMEWORK_HEADER = YES;
				CLANG_WARN_RANGE_LOOP_ANALYSIS = YES;
				CLANG_WARN_STRICT_PROTOTYPES = YES;
				CLANG_WARN_SUSPICIOUS_MOVE = YES;
				CLANG_WARN_UNGUARDED_AVAILABILITY = YES_AGGRESSIVE;
				CLANG_WARN_UNREACHABLE_CODE = YES;
				CLANG_WARN__DUPLICATE_METHOD_MATCH = YES;
				COPY_PHASE_STRIP = NO;
				DEBUG_INFORMATION_FORMAT = "dwarf-with-dsym";
				ENABLE_NS_ASSERTIONS = NO;
				ENABLE_STRICT_OBJC_MSGSEND = YES;
				GCC_C_LANGUAGE_STANDARD = gnu11;
				GCC_NO_COMMON_BLOCKS = YES;
				GCC_WARN_64_TO_32_BIT_CONVERSION = YES;
				GCC_WARN_ABOUT_RETURN_TYPE = YES_ERROR;
				GCC_WARN_UNDECLARED_SELECTOR = YES;
				GCC_WARN_UNINITIALIZED_AUTOS = YES_AGGRESSIVE;
				GCC_WARN_UNUSED_FUNCTION = YES;
				GCC_WARN_UNUSED_VARIABLE = YES;
				IPHONEOS_DEPLOYMENT_TARGET = 13.0;
				MTL_ENABLE_DEBUG_INFO = NO;
				MTL_FAST_MATH = YES;
				SDKROOT = iphoneos;
				SWIFT_COMPILATION_MODE = wholemodule;
				SWIFT_OPTIMIZATION_LEVEL = "-O";
				VALIDATE_PRODUCT = YES;
			};
			name = Release;
		};
		228B3129286322DF00B7B1F0 /* Debug */ = {
			isa = XCBuildConfiguration;
			buildSettings = {
				ASSETCATALOG_COMPILER_APPICON_NAME = AppIcon;
				ASSETCATALOG_COMPILER_GLOBAL_ACCENT_COLOR_NAME = AccentColor;
				CODE_SIGN_STYLE = Automatic;
				CURRENT_PROJECT_VERSION = 1;
				DEVELOPMENT_TEAM = 232L77WD2C;
				GENERATE_INFOPLIST_FILE = YES;
				INFOPLIST_FILE = "Le Baluchon/Info.plist";
				INFOPLIST_KEY_UIApplicationSupportsIndirectInputEvents = YES;
				INFOPLIST_KEY_UILaunchStoryboardName = LaunchScreen;
				INFOPLIST_KEY_UIMainStoryboardFile = Main;
				INFOPLIST_KEY_UISupportedInterfaceOrientations_iPad = "UIInterfaceOrientationPortrait UIInterfaceOrientationPortraitUpsideDown UIInterfaceOrientationLandscapeLeft UIInterfaceOrientationLandscapeRight";
				INFOPLIST_KEY_UISupportedInterfaceOrientations_iPhone = "UIInterfaceOrientationPortrait UIInterfaceOrientationLandscapeLeft UIInterfaceOrientationLandscapeRight";
				IPHONEOS_DEPLOYMENT_TARGET = 13.0;
				LD_RUNPATH_SEARCH_PATHS = (
					"$(inherited)",
					"@executable_path/Frameworks",
				);
				MARKETING_VERSION = 1.0;
				PRODUCT_BUNDLE_IDENTIFIER = "com.wrobels.Le-Baluchon";
				PRODUCT_NAME = "$(TARGET_NAME)";
				SWIFT_EMIT_LOC_STRINGS = YES;
				SWIFT_VERSION = 5.0;
				TARGETED_DEVICE_FAMILY = "1,2";
			};
			name = Debug;
		};
		228B312A286322DF00B7B1F0 /* Release */ = {
			isa = XCBuildConfiguration;
			buildSettings = {
				ASSETCATALOG_COMPILER_APPICON_NAME = AppIcon;
				ASSETCATALOG_COMPILER_GLOBAL_ACCENT_COLOR_NAME = AccentColor;
				CODE_SIGN_STYLE = Automatic;
				CURRENT_PROJECT_VERSION = 1;
				DEVELOPMENT_TEAM = 232L77WD2C;
				GENERATE_INFOPLIST_FILE = YES;
				INFOPLIST_FILE = "Le Baluchon/Info.plist";
				INFOPLIST_KEY_UIApplicationSupportsIndirectInputEvents = YES;
				INFOPLIST_KEY_UILaunchStoryboardName = LaunchScreen;
				INFOPLIST_KEY_UIMainStoryboardFile = Main;
				INFOPLIST_KEY_UISupportedInterfaceOrientations_iPad = "UIInterfaceOrientationPortrait UIInterfaceOrientationPortraitUpsideDown UIInterfaceOrientationLandscapeLeft UIInterfaceOrientationLandscapeRight";
				INFOPLIST_KEY_UISupportedInterfaceOrientations_iPhone = "UIInterfaceOrientationPortrait UIInterfaceOrientationLandscapeLeft UIInterfaceOrientationLandscapeRight";
				IPHONEOS_DEPLOYMENT_TARGET = 13.0;
				LD_RUNPATH_SEARCH_PATHS = (
					"$(inherited)",
					"@executable_path/Frameworks",
				);
				MARKETING_VERSION = 1.0;
				PRODUCT_BUNDLE_IDENTIFIER = "com.wrobels.Le-Baluchon";
				PRODUCT_NAME = "$(TARGET_NAME)";
				SWIFT_EMIT_LOC_STRINGS = YES;
				SWIFT_VERSION = 5.0;
				TARGETED_DEVICE_FAMILY = "1,2";
			};
			name = Release;
		};
		228B312C286322DF00B7B1F0 /* Debug */ = {
			isa = XCBuildConfiguration;
			buildSettings = {
				ALWAYS_EMBED_SWIFT_STANDARD_LIBRARIES = YES;
				BUNDLE_LOADER = "$(TEST_HOST)";
				CODE_SIGN_STYLE = Automatic;
				CURRENT_PROJECT_VERSION = 1;
				DEVELOPMENT_TEAM = 232L77WD2C;
				GENERATE_INFOPLIST_FILE = YES;
				IPHONEOS_DEPLOYMENT_TARGET = 15.5;
				MARKETING_VERSION = 1.0;
				PRODUCT_BUNDLE_IDENTIFIER = "com.wrobels.Le-BaluchonTests";
				PRODUCT_NAME = "$(TARGET_NAME)";
				SWIFT_EMIT_LOC_STRINGS = NO;
				SWIFT_VERSION = 5.0;
				TARGETED_DEVICE_FAMILY = "1,2";
				TEST_HOST = "$(BUILT_PRODUCTS_DIR)/Le Baluchon.app/Le Baluchon";
			};
			name = Debug;
		};
		228B312D286322DF00B7B1F0 /* Release */ = {
			isa = XCBuildConfiguration;
			buildSettings = {
				ALWAYS_EMBED_SWIFT_STANDARD_LIBRARIES = YES;
				BUNDLE_LOADER = "$(TEST_HOST)";
				CODE_SIGN_STYLE = Automatic;
				CURRENT_PROJECT_VERSION = 1;
				DEVELOPMENT_TEAM = 232L77WD2C;
				GENERATE_INFOPLIST_FILE = YES;
				IPHONEOS_DEPLOYMENT_TARGET = 15.5;
				MARKETING_VERSION = 1.0;
				PRODUCT_BUNDLE_IDENTIFIER = "com.wrobels.Le-BaluchonTests";
				PRODUCT_NAME = "$(TARGET_NAME)";
				SWIFT_EMIT_LOC_STRINGS = NO;
				SWIFT_VERSION = 5.0;
				TARGETED_DEVICE_FAMILY = "1,2";
				TEST_HOST = "$(BUILT_PRODUCTS_DIR)/Le Baluchon.app/Le Baluchon";
			};
			name = Release;
		};
		228B312F286322DF00B7B1F0 /* Debug */ = {
			isa = XCBuildConfiguration;
			buildSettings = {
				ALWAYS_EMBED_SWIFT_STANDARD_LIBRARIES = YES;
				CODE_SIGN_STYLE = Automatic;
				CURRENT_PROJECT_VERSION = 1;
				DEVELOPMENT_TEAM = 232L77WD2C;
				GENERATE_INFOPLIST_FILE = YES;
				MARKETING_VERSION = 1.0;
				PRODUCT_BUNDLE_IDENTIFIER = "com.wrobels.Le-BaluchonUITests";
				PRODUCT_NAME = "$(TARGET_NAME)";
				SWIFT_EMIT_LOC_STRINGS = NO;
				SWIFT_VERSION = 5.0;
				TARGETED_DEVICE_FAMILY = "1,2";
				TEST_TARGET_NAME = "Le Baluchon";
			};
			name = Debug;
		};
		228B3130286322DF00B7B1F0 /* Release */ = {
			isa = XCBuildConfiguration;
			buildSettings = {
				ALWAYS_EMBED_SWIFT_STANDARD_LIBRARIES = YES;
				CODE_SIGN_STYLE = Automatic;
				CURRENT_PROJECT_VERSION = 1;
				DEVELOPMENT_TEAM = 232L77WD2C;
				GENERATE_INFOPLIST_FILE = YES;
				MARKETING_VERSION = 1.0;
				PRODUCT_BUNDLE_IDENTIFIER = "com.wrobels.Le-BaluchonUITests";
				PRODUCT_NAME = "$(TARGET_NAME)";
				SWIFT_EMIT_LOC_STRINGS = NO;
				SWIFT_VERSION = 5.0;
				TARGETED_DEVICE_FAMILY = "1,2";
				TEST_TARGET_NAME = "Le Baluchon";
			};
			name = Release;
		};
/* End XCBuildConfiguration section */

/* Begin XCConfigurationList section */
		228B30F9286322DE00B7B1F0 /* Build configuration list for PBXProject "Le Baluchon" */ = {
			isa = XCConfigurationList;
			buildConfigurations = (
				228B3126286322DF00B7B1F0 /* Debug */,
				228B3127286322DF00B7B1F0 /* Release */,
			);
			defaultConfigurationIsVisible = 0;
			defaultConfigurationName = Release;
		};
		228B3128286322DF00B7B1F0 /* Build configuration list for PBXNativeTarget "Le Baluchon" */ = {
			isa = XCConfigurationList;
			buildConfigurations = (
				228B3129286322DF00B7B1F0 /* Debug */,
				228B312A286322DF00B7B1F0 /* Release */,
			);
			defaultConfigurationIsVisible = 0;
			defaultConfigurationName = Release;
		};
		228B312B286322DF00B7B1F0 /* Build configuration list for PBXNativeTarget "Le BaluchonTests" */ = {
			isa = XCConfigurationList;
			buildConfigurations = (
				228B312C286322DF00B7B1F0 /* Debug */,
				228B312D286322DF00B7B1F0 /* Release */,
			);
			defaultConfigurationIsVisible = 0;
			defaultConfigurationName = Release;
		};
		228B312E286322DF00B7B1F0 /* Build configuration list for PBXNativeTarget "Le BaluchonUITests" */ = {
			isa = XCConfigurationList;
			buildConfigurations = (
				228B312F286322DF00B7B1F0 /* Debug */,
				228B3130286322DF00B7B1F0 /* Release */,
			);
			defaultConfigurationIsVisible = 0;
			defaultConfigurationName = Release;
		};
/* End XCConfigurationList section */
	};
	rootObject = 228B30F6286322DE00B7B1F0 /* Project object */;
}
